// !$*UTF8*$!
{
	archiveVersion = 1;
	classes = {
	};
	objectVersion = 56;
	objects = {

/* Begin PBXBuildFile section */
		0A13A5F52B244F4F00CAAD52 /* SaveLocations.swift in Sources */ = {isa = PBXBuildFile; fileRef = 0A13A5F42B244F4F00CAAD52 /* SaveLocations.swift */; };
		0A13A5F72B244F6A00CAAD52 /* SaveLocationsViewModel.swift in Sources */ = {isa = PBXBuildFile; fileRef = 0A13A5F62B244F6A00CAAD52 /* SaveLocationsViewModel.swift */; };
		0A17DCDA2B2A06DC005E1FB4 /* RoundMapButtonView.swift in Sources */ = {isa = PBXBuildFile; fileRef = 0A17DCD92B2A06DC005E1FB4 /* RoundMapButtonView.swift */; };
		0A1E13E92B25F7C700163711 /* View.swift in Sources */ = {isa = PBXBuildFile; fileRef = 0A1E13E82B25F7C700163711 /* View.swift */; };
		0A1ED0B22B3A291B0028DB18 /* LocationsStorageService.swift in Sources */ = {isa = PBXBuildFile; fileRef = 0A1ED0B12B3A291B0028DB18 /* LocationsStorageService.swift */; };
		0A1ED0B42B3A2AD70028DB18 /* LocationsStorageServiceType.swift in Sources */ = {isa = PBXBuildFile; fileRef = 0A1ED0B32B3A2AD70028DB18 /* LocationsStorageServiceType.swift */; };
		0A1ED0B62B3A2D9E0028DB18 /* LocationsStorageServiceMock.swift in Sources */ = {isa = PBXBuildFile; fileRef = 0A1ED0B52B3A2D9E0028DB18 /* LocationsStorageServiceMock.swift */; };
		0A30EA062B40D575004F41FC /* LocationServiceMock.swift in Sources */ = {isa = PBXBuildFile; fileRef = 0A30EA052B40D575004F41FC /* LocationServiceMock.swift */; };
		0A3803022B20556300D3FC7D /* LocationService.swift in Sources */ = {isa = PBXBuildFile; fileRef = 0A3803012B20556300D3FC7D /* LocationService.swift */; };
		0A3803062B20575900D3FC7D /* MapView.swift in Sources */ = {isa = PBXBuildFile; fileRef = 0A3803052B20575900D3FC7D /* MapView.swift */; };
		0A3803082B20577900D3FC7D /* MapViewModel.swift in Sources */ = {isa = PBXBuildFile; fileRef = 0A3803072B20577900D3FC7D /* MapViewModel.swift */; };
		0A3DEBD72B985DD000894AA4 /* CachedAsyncImage.swift in Sources */ = {isa = PBXBuildFile; fileRef = 0A3DEBD62B985DD000894AA4 /* CachedAsyncImage.swift */; };
		0A3DEBD92B985E1D00894AA4 /* ObservedUserView.swift in Sources */ = {isa = PBXBuildFile; fileRef = 0A3DEBD82B985E1D00894AA4 /* ObservedUserView.swift */; };
		0A45B6E12B13825000C82BEB /* SKSaveLocationsApp.swift in Sources */ = {isa = PBXBuildFile; fileRef = 0A45B6E02B13825000C82BEB /* SKSaveLocationsApp.swift */; };
		0A45B6E52B13825200C82BEB /* Images.xcassets in Resources */ = {isa = PBXBuildFile; fileRef = 0A45B6E42B13825200C82BEB /* Images.xcassets */; };
		0A45B6E82B13825200C82BEB /* Preview Assets.xcassets in Resources */ = {isa = PBXBuildFile; fileRef = 0A45B6E72B13825200C82BEB /* Preview Assets.xcassets */; };
		0A5269D62B1C73E700A59851 /* Launch Screen.storyboard in Resources */ = {isa = PBXBuildFile; fileRef = 0A5269D52B1C73E700A59851 /* Launch Screen.storyboard */; };
		0A5540B52B3EAA8400478301 /* LocationServiceType.swift in Sources */ = {isa = PBXBuildFile; fileRef = 0A5540B42B3EAA8400478301 /* LocationServiceType.swift */; };
		0A5F0C362B2B5C470018E714 /* Rout.swift in Sources */ = {isa = PBXBuildFile; fileRef = 0A5F0C352B2B5C470018E714 /* Rout.swift */; };
		0A64E33D2B3816EE00D49261 /* AlertType.swift in Sources */ = {isa = PBXBuildFile; fileRef = 0A64E33C2B3816EE00D49261 /* AlertType.swift */; };
		0A723B9E2B39C509009452B9 /* UserSession.swift in Sources */ = {isa = PBXBuildFile; fileRef = 0A723B9D2B39C509009452B9 /* UserSession.swift */; };
		0A723BA12B3A0B0E009452B9 /* ServiceHolder.swift in Sources */ = {isa = PBXBuildFile; fileRef = 0A723BA02B3A0B0E009452B9 /* ServiceHolder.swift */; };
		0A723BA32B3A0C82009452B9 /* Service.swift in Sources */ = {isa = PBXBuildFile; fileRef = 0A723BA22B3A0C82009452B9 /* Service.swift */; };
		0A723BA52B3A0ECB009452B9 /* ServiceHolderType.swift in Sources */ = {isa = PBXBuildFile; fileRef = 0A723BA42B3A0ECB009452B9 /* ServiceHolderType.swift */; };
		0A896D512B1E163700A06FE1 /* ProfileViewModel.swift in Sources */ = {isa = PBXBuildFile; fileRef = 0A896D502B1E163700A06FE1 /* ProfileViewModel.swift */; };
		0A896D532B1E19EF00A06FE1 /* LoginViewModel.swift in Sources */ = {isa = PBXBuildFile; fileRef = 0A896D522B1E19EF00A06FE1 /* LoginViewModel.swift */; };
		0A896D552B1E1C3200A06FE1 /* RegistrationViewModel.swift in Sources */ = {isa = PBXBuildFile; fileRef = 0A896D542B1E1C3200A06FE1 /* RegistrationViewModel.swift */; };
		0A896D582B1E253800A06FE1 /* AuthUserMock.swift in Sources */ = {isa = PBXBuildFile; fileRef = 0A896D572B1E253800A06FE1 /* AuthUserMock.swift */; };
		0A896D5B2B1E292200A06FE1 /* UserServiceMock.swift in Sources */ = {isa = PBXBuildFile; fileRef = 0A896D5A2B1E292200A06FE1 /* UserServiceMock.swift */; };
		0A896D5E2B1E394E00A06FE1 /* String.swift in Sources */ = {isa = PBXBuildFile; fileRef = 0A896D5D2B1E394E00A06FE1 /* String.swift */; };
		0A8A9DF92B38823F0033C702 /* Error.swift in Sources */ = {isa = PBXBuildFile; fileRef = 0A8A9DF82B38823F0033C702 /* Error.swift */; };
		0A93E7902B2F18BE0003FFD5 /* MapButtonsCollectionView.swift in Sources */ = {isa = PBXBuildFile; fileRef = 0A93E78F2B2F18BE0003FFD5 /* MapButtonsCollectionView.swift */; };
		0A93E7922B2F1A240003FFD5 /* MapViewModelType.swift in Sources */ = {isa = PBXBuildFile; fileRef = 0A93E7912B2F1A240003FFD5 /* MapViewModelType.swift */; };
		0A93E7942B2F1C8A0003FFD5 /* MapButtonData.swift in Sources */ = {isa = PBXBuildFile; fileRef = 0A93E7932B2F1C8A0003FFD5 /* MapButtonData.swift */; };
		0AA0A6BF2B3A16D300173889 /* ServiceHolderMock.swift in Sources */ = {isa = PBXBuildFile; fileRef = 0AA0A6BE2B3A16D300173889 /* ServiceHolderMock.swift */; };
		0AA0A6C22B3A173E00173889 /* UserServiceType.swift in Sources */ = {isa = PBXBuildFile; fileRef = 0AA0A6C12B3A173E00173889 /* UserServiceType.swift */; };
		0AA823A32B1B601F004D0913 /* Localizable.strings in Resources */ = {isa = PBXBuildFile; fileRef = 0AA823A52B1B601F004D0913 /* Localizable.strings */; };
		0AAB2D302B8DB0F90084C0BD /* AlertView.swift in Sources */ = {isa = PBXBuildFile; fileRef = 0AAB2D2F2B8DB0F90084C0BD /* AlertView.swift */; };
		0AB0FFD02B1B926900629D8A /* RoundedButton.swift in Sources */ = {isa = PBXBuildFile; fileRef = 0AB0FFCF2B1B926900629D8A /* RoundedButton.swift */; };
		0AB0FFD42B1B9E5000629D8A /* LoginLogoView.swift in Sources */ = {isa = PBXBuildFile; fileRef = 0AB0FFD32B1B9E5000629D8A /* LoginLogoView.swift */; };
		0AB0FFD62B1BA03900629D8A /* RegistrationView.swift in Sources */ = {isa = PBXBuildFile; fileRef = 0AB0FFD52B1BA03900629D8A /* RegistrationView.swift */; };
		0AB0FFD82B1BBF3B00629D8A /* ProfileImageView.swift in Sources */ = {isa = PBXBuildFile; fileRef = 0AB0FFD72B1BBF3B00629D8A /* ProfileImageView.swift */; };
		0AB0FFDA2B1BC45500629D8A /* ImagePicker.swift in Sources */ = {isa = PBXBuildFile; fileRef = 0AB0FFD92B1BC45500629D8A /* ImagePicker.swift */; };
		0ABFD61B2B1C794C00EEBC4A /* GoogleService-Info.plist in Resources */ = {isa = PBXBuildFile; fileRef = 0ABFD61A2B1C794C00EEBC4A /* GoogleService-Info.plist */; };
		0ABFD6242B1C7BAD00EEBC4A /* FirebaseAnalyticsWithoutAdIdSupport in Frameworks */ = {isa = PBXBuildFile; productRef = 0ABFD6232B1C7BAD00EEBC4A /* FirebaseAnalyticsWithoutAdIdSupport */; };
		0ABFD6262B1C7BAD00EEBC4A /* FirebaseAppCheck in Frameworks */ = {isa = PBXBuildFile; productRef = 0ABFD6252B1C7BAD00EEBC4A /* FirebaseAppCheck */; };
		0ABFD6282B1C7BAD00EEBC4A /* FirebaseAppDistribution-Beta in Frameworks */ = {isa = PBXBuildFile; productRef = 0ABFD6272B1C7BAD00EEBC4A /* FirebaseAppDistribution-Beta */; };
		0ABFD62A2B1C7BAD00EEBC4A /* FirebaseAuth in Frameworks */ = {isa = PBXBuildFile; productRef = 0ABFD6292B1C7BAD00EEBC4A /* FirebaseAuth */; };
		0ABFD62C2B1C7BAD00EEBC4A /* FirebaseAuthCombine-Community in Frameworks */ = {isa = PBXBuildFile; productRef = 0ABFD62B2B1C7BAD00EEBC4A /* FirebaseAuthCombine-Community */; };
		0ABFD62E2B1C7BAD00EEBC4A /* FirebaseCrashlytics in Frameworks */ = {isa = PBXBuildFile; productRef = 0ABFD62D2B1C7BAD00EEBC4A /* FirebaseCrashlytics */; };
		0ABFD6302B1C7BAD00EEBC4A /* FirebaseDatabase in Frameworks */ = {isa = PBXBuildFile; productRef = 0ABFD62F2B1C7BAD00EEBC4A /* FirebaseDatabase */; };
		0ABFD6322B1C7BAD00EEBC4A /* FirebaseDatabaseSwift in Frameworks */ = {isa = PBXBuildFile; productRef = 0ABFD6312B1C7BAD00EEBC4A /* FirebaseDatabaseSwift */; };
		0ABFD6342B1C7BAD00EEBC4A /* FirebaseDynamicLinks in Frameworks */ = {isa = PBXBuildFile; productRef = 0ABFD6332B1C7BAD00EEBC4A /* FirebaseDynamicLinks */; };
		0ABFD6362B1C7BAD00EEBC4A /* FirebaseFirestore in Frameworks */ = {isa = PBXBuildFile; productRef = 0ABFD6352B1C7BAD00EEBC4A /* FirebaseFirestore */; };
		0ABFD6382B1C7BAD00EEBC4A /* FirebaseFirestoreCombine-Community in Frameworks */ = {isa = PBXBuildFile; productRef = 0ABFD6372B1C7BAD00EEBC4A /* FirebaseFirestoreCombine-Community */; };
		0ABFD63A2B1C7BAD00EEBC4A /* FirebaseFirestoreSwift in Frameworks */ = {isa = PBXBuildFile; productRef = 0ABFD6392B1C7BAD00EEBC4A /* FirebaseFirestoreSwift */; };
		0ABFD63C2B1C7BAD00EEBC4A /* FirebaseFunctions in Frameworks */ = {isa = PBXBuildFile; productRef = 0ABFD63B2B1C7BAD00EEBC4A /* FirebaseFunctions */; };
		0ABFD63E2B1C7BAD00EEBC4A /* FirebaseFunctionsCombine-Community in Frameworks */ = {isa = PBXBuildFile; productRef = 0ABFD63D2B1C7BAD00EEBC4A /* FirebaseFunctionsCombine-Community */; };
		0ABFD6442B1C7BAD00EEBC4A /* FirebaseInstallations in Frameworks */ = {isa = PBXBuildFile; productRef = 0ABFD6432B1C7BAD00EEBC4A /* FirebaseInstallations */; };
		0ABFD6462B1C7BAD00EEBC4A /* FirebaseMLModelDownloader in Frameworks */ = {isa = PBXBuildFile; productRef = 0ABFD6452B1C7BAD00EEBC4A /* FirebaseMLModelDownloader */; };
		0ABFD6482B1C7BAD00EEBC4A /* FirebaseStorage in Frameworks */ = {isa = PBXBuildFile; productRef = 0ABFD6472B1C7BAD00EEBC4A /* FirebaseStorage */; };
		0ABFD64A2B1C7BAD00EEBC4A /* FirebaseStorageCombine-Community in Frameworks */ = {isa = PBXBuildFile; productRef = 0ABFD6492B1C7BAD00EEBC4A /* FirebaseStorageCombine-Community */; };
		0ABFD64D2B1C7CD200EEBC4A /* UserService.swift in Sources */ = {isa = PBXBuildFile; fileRef = 0ABFD64C2B1C7CD200EEBC4A /* UserService.swift */; };
		0ABFD6532B1C862200EEBC4A /* User.swift in Sources */ = {isa = PBXBuildFile; fileRef = 0ABFD6522B1C862200EEBC4A /* User.swift */; };
		0ABFD65B2B1C8FF000EEBC4A /* FirebaseAnalyticsWithoutAdIdSupport in Frameworks */ = {isa = PBXBuildFile; productRef = 0ABFD65A2B1C8FF000EEBC4A /* FirebaseAnalyticsWithoutAdIdSupport */; };
		0ABFD65D2B1C8FF000EEBC4A /* FirebaseAppCheck in Frameworks */ = {isa = PBXBuildFile; productRef = 0ABFD65C2B1C8FF000EEBC4A /* FirebaseAppCheck */; };
		0ABFD65F2B1C8FF000EEBC4A /* FirebaseAppDistribution-Beta in Frameworks */ = {isa = PBXBuildFile; productRef = 0ABFD65E2B1C8FF000EEBC4A /* FirebaseAppDistribution-Beta */; };
		0ABFD6612B1C8FF000EEBC4A /* FirebaseAuth in Frameworks */ = {isa = PBXBuildFile; productRef = 0ABFD6602B1C8FF000EEBC4A /* FirebaseAuth */; };
		0ABFD6632B1C8FF000EEBC4A /* FirebaseAuthCombine-Community in Frameworks */ = {isa = PBXBuildFile; productRef = 0ABFD6622B1C8FF000EEBC4A /* FirebaseAuthCombine-Community */; };
		0ABFD6652B1C8FF000EEBC4A /* FirebaseCrashlytics in Frameworks */ = {isa = PBXBuildFile; productRef = 0ABFD6642B1C8FF000EEBC4A /* FirebaseCrashlytics */; };
		0ABFD6672B1C8FF000EEBC4A /* FirebaseDatabase in Frameworks */ = {isa = PBXBuildFile; productRef = 0ABFD6662B1C8FF000EEBC4A /* FirebaseDatabase */; };
		0ABFD6692B1C8FF000EEBC4A /* FirebaseDatabaseSwift in Frameworks */ = {isa = PBXBuildFile; productRef = 0ABFD6682B1C8FF000EEBC4A /* FirebaseDatabaseSwift */; };
		0ABFD66D2B1C8FF000EEBC4A /* FirebaseFirestore in Frameworks */ = {isa = PBXBuildFile; productRef = 0ABFD66C2B1C8FF000EEBC4A /* FirebaseFirestore */; };
		0ABFD66F2B1C8FF000EEBC4A /* FirebaseFirestoreCombine-Community in Frameworks */ = {isa = PBXBuildFile; productRef = 0ABFD66E2B1C8FF000EEBC4A /* FirebaseFirestoreCombine-Community */; };
		0ABFD6712B1C8FF000EEBC4A /* FirebaseFirestoreSwift in Frameworks */ = {isa = PBXBuildFile; productRef = 0ABFD6702B1C8FF000EEBC4A /* FirebaseFirestoreSwift */; };
		0ABFD6732B1C8FF000EEBC4A /* FirebaseFunctions in Frameworks */ = {isa = PBXBuildFile; productRef = 0ABFD6722B1C8FF000EEBC4A /* FirebaseFunctions */; };
		0ABFD6752B1C8FF000EEBC4A /* FirebaseFunctionsCombine-Community in Frameworks */ = {isa = PBXBuildFile; productRef = 0ABFD6742B1C8FF000EEBC4A /* FirebaseFunctionsCombine-Community */; };
		0ABFD67B2B1C8FF000EEBC4A /* FirebaseInstallations in Frameworks */ = {isa = PBXBuildFile; productRef = 0ABFD67A2B1C8FF000EEBC4A /* FirebaseInstallations */; };
		0ABFD67D2B1C8FF000EEBC4A /* FirebaseMLModelDownloader in Frameworks */ = {isa = PBXBuildFile; productRef = 0ABFD67C2B1C8FF000EEBC4A /* FirebaseMLModelDownloader */; };
		0ABFD6812B1C8FF000EEBC4A /* FirebaseStorage in Frameworks */ = {isa = PBXBuildFile; productRef = 0ABFD6802B1C8FF000EEBC4A /* FirebaseStorage */; };
		0ABFD6832B1C8FF000EEBC4A /* FirebaseStorageCombine-Community in Frameworks */ = {isa = PBXBuildFile; productRef = 0ABFD6822B1C8FF000EEBC4A /* FirebaseStorageCombine-Community */; };
		0ACE6CD22B94878A00B964EB /* ImageLoader.swift in Sources */ = {isa = PBXBuildFile; fileRef = 0ACE6CD12B94878A00B964EB /* ImageLoader.swift */; };
		0AE476EA2B1B6D9D0091DB03 /* LoginView.swift in Sources */ = {isa = PBXBuildFile; fileRef = 0AE476E92B1B6D9D0091DB03 /* LoginView.swift */; };
		0AE476EC2B1B6FDF0091DB03 /* InputTextView.swift in Sources */ = {isa = PBXBuildFile; fileRef = 0AE476EB2B1B6FDF0091DB03 /* InputTextView.swift */; };
		0AE476EF2B1B7C6C0091DB03 /* Colors.xcassets in Resources */ = {isa = PBXBuildFile; fileRef = 0AE476EE2B1B7C6C0091DB03 /* Colors.xcassets */; };
		0AF895902B1FB370008B4D45 /* MainTabView.swift in Sources */ = {isa = PBXBuildFile; fileRef = 0AF8958F2B1FB370008B4D45 /* MainTabView.swift */; };
		0AF895922B1FB3BB008B4D45 /* MainTabViewModel.swift in Sources */ = {isa = PBXBuildFile; fileRef = 0AF895912B1FB3BB008B4D45 /* MainTabViewModel.swift */; };
		0AF895942B1FB70B008B4D45 /* ServicesView.swift in Sources */ = {isa = PBXBuildFile; fileRef = 0AF895932B1FB70B008B4D45 /* ServicesView.swift */; };
		0AF895972B1FBF17008B4D45 /* ServicesViewModel.swift in Sources */ = {isa = PBXBuildFile; fileRef = 0AF895962B1FBF17008B4D45 /* ServicesViewModel.swift */; };
		0AF895992B1FC66F008B4D45 /* Сhapter.swift in Sources */ = {isa = PBXBuildFile; fileRef = 0AF895982B1FC66F008B4D45 /* Сhapter.swift */; };
		0AFEE9982B1CBF4900F772D9 /* ProfileView.swift in Sources */ = {isa = PBXBuildFile; fileRef = 0AFEE9972B1CBF4900F772D9 /* ProfileView.swift */; };
/* End PBXBuildFile section */

/* Begin PBXFileReference section */
		0A13A5F42B244F4F00CAAD52 /* SaveLocations.swift */ = {isa = PBXFileReference; lastKnownFileType = sourcecode.swift; path = SaveLocations.swift; sourceTree = "<group>"; };
		0A13A5F62B244F6A00CAAD52 /* SaveLocationsViewModel.swift */ = {isa = PBXFileReference; lastKnownFileType = sourcecode.swift; path = SaveLocationsViewModel.swift; sourceTree = "<group>"; };
		0A17DCD92B2A06DC005E1FB4 /* RoundMapButtonView.swift */ = {isa = PBXFileReference; lastKnownFileType = sourcecode.swift; path = RoundMapButtonView.swift; sourceTree = "<group>"; };
		0A1E13E82B25F7C700163711 /* View.swift */ = {isa = PBXFileReference; lastKnownFileType = sourcecode.swift; path = View.swift; sourceTree = "<group>"; };
		0A1ED0B12B3A291B0028DB18 /* LocationsStorageService.swift */ = {isa = PBXFileReference; lastKnownFileType = sourcecode.swift; path = LocationsStorageService.swift; sourceTree = "<group>"; };
		0A1ED0B32B3A2AD70028DB18 /* LocationsStorageServiceType.swift */ = {isa = PBXFileReference; lastKnownFileType = sourcecode.swift; path = LocationsStorageServiceType.swift; sourceTree = "<group>"; };
		0A1ED0B52B3A2D9E0028DB18 /* LocationsStorageServiceMock.swift */ = {isa = PBXFileReference; lastKnownFileType = sourcecode.swift; path = LocationsStorageServiceMock.swift; sourceTree = "<group>"; };
		0A30EA052B40D575004F41FC /* LocationServiceMock.swift */ = {isa = PBXFileReference; lastKnownFileType = sourcecode.swift; path = LocationServiceMock.swift; sourceTree = "<group>"; };
		0A3803012B20556300D3FC7D /* LocationService.swift */ = {isa = PBXFileReference; lastKnownFileType = sourcecode.swift; path = LocationService.swift; sourceTree = "<group>"; };
		0A3803052B20575900D3FC7D /* MapView.swift */ = {isa = PBXFileReference; lastKnownFileType = sourcecode.swift; path = MapView.swift; sourceTree = "<group>"; };
		0A3803072B20577900D3FC7D /* MapViewModel.swift */ = {isa = PBXFileReference; lastKnownFileType = sourcecode.swift; path = MapViewModel.swift; sourceTree = "<group>"; };
		0A3DEBD62B985DD000894AA4 /* CachedAsyncImage.swift */ = {isa = PBXFileReference; lastKnownFileType = sourcecode.swift; path = CachedAsyncImage.swift; sourceTree = "<group>"; };
		0A3DEBD82B985E1D00894AA4 /* ObservedUserView.swift */ = {isa = PBXFileReference; lastKnownFileType = sourcecode.swift; path = ObservedUserView.swift; sourceTree = "<group>"; };
		0A45B6DD2B13825000C82BEB /* SKSaveLocations.app */ = {isa = PBXFileReference; explicitFileType = wrapper.application; includeInIndex = 0; path = SKSaveLocations.app; sourceTree = BUILT_PRODUCTS_DIR; };
		0A45B6E02B13825000C82BEB /* SKSaveLocationsApp.swift */ = {isa = PBXFileReference; lastKnownFileType = sourcecode.swift; path = SKSaveLocationsApp.swift; sourceTree = "<group>"; };
		0A45B6E42B13825200C82BEB /* Images.xcassets */ = {isa = PBXFileReference; lastKnownFileType = folder.assetcatalog; path = Images.xcassets; sourceTree = "<group>"; };
		0A45B6E72B13825200C82BEB /* Preview Assets.xcassets */ = {isa = PBXFileReference; lastKnownFileType = folder.assetcatalog; path = "Preview Assets.xcassets"; sourceTree = "<group>"; };
		0A5269D52B1C73E700A59851 /* Launch Screen.storyboard */ = {isa = PBXFileReference; lastKnownFileType = file.storyboard; path = "Launch Screen.storyboard"; sourceTree = "<group>"; };
		0A5540B42B3EAA8400478301 /* LocationServiceType.swift */ = {isa = PBXFileReference; lastKnownFileType = sourcecode.swift; path = LocationServiceType.swift; sourceTree = "<group>"; };
		0A5F0C352B2B5C470018E714 /* Rout.swift */ = {isa = PBXFileReference; lastKnownFileType = sourcecode.swift; path = Rout.swift; sourceTree = "<group>"; };
		0A64E33C2B3816EE00D49261 /* AlertType.swift */ = {isa = PBXFileReference; lastKnownFileType = sourcecode.swift; path = AlertType.swift; sourceTree = "<group>"; };
		0A723B9D2B39C509009452B9 /* UserSession.swift */ = {isa = PBXFileReference; lastKnownFileType = sourcecode.swift; path = UserSession.swift; sourceTree = "<group>"; };
		0A723BA02B3A0B0E009452B9 /* ServiceHolder.swift */ = {isa = PBXFileReference; lastKnownFileType = sourcecode.swift; path = ServiceHolder.swift; sourceTree = "<group>"; };
		0A723BA22B3A0C82009452B9 /* Service.swift */ = {isa = PBXFileReference; lastKnownFileType = sourcecode.swift; path = Service.swift; sourceTree = "<group>"; };
		0A723BA42B3A0ECB009452B9 /* ServiceHolderType.swift */ = {isa = PBXFileReference; lastKnownFileType = sourcecode.swift; path = ServiceHolderType.swift; sourceTree = "<group>"; };
		0A896D502B1E163700A06FE1 /* ProfileViewModel.swift */ = {isa = PBXFileReference; lastKnownFileType = sourcecode.swift; path = ProfileViewModel.swift; sourceTree = "<group>"; };
		0A896D522B1E19EF00A06FE1 /* LoginViewModel.swift */ = {isa = PBXFileReference; lastKnownFileType = sourcecode.swift; path = LoginViewModel.swift; sourceTree = "<group>"; };
		0A896D542B1E1C3200A06FE1 /* RegistrationViewModel.swift */ = {isa = PBXFileReference; lastKnownFileType = sourcecode.swift; path = RegistrationViewModel.swift; sourceTree = "<group>"; };
		0A896D572B1E253800A06FE1 /* AuthUserMock.swift */ = {isa = PBXFileReference; lastKnownFileType = sourcecode.swift; path = AuthUserMock.swift; sourceTree = "<group>"; };
		0A896D5A2B1E292200A06FE1 /* UserServiceMock.swift */ = {isa = PBXFileReference; lastKnownFileType = sourcecode.swift; path = UserServiceMock.swift; sourceTree = "<group>"; };
		0A896D5D2B1E394E00A06FE1 /* String.swift */ = {isa = PBXFileReference; lastKnownFileType = sourcecode.swift; path = String.swift; sourceTree = "<group>"; };
		0A8A9DF82B38823F0033C702 /* Error.swift */ = {isa = PBXFileReference; lastKnownFileType = sourcecode.swift; path = Error.swift; sourceTree = "<group>"; };
		0A93E78F2B2F18BE0003FFD5 /* MapButtonsCollectionView.swift */ = {isa = PBXFileReference; lastKnownFileType = sourcecode.swift; path = MapButtonsCollectionView.swift; sourceTree = "<group>"; };
		0A93E7912B2F1A240003FFD5 /* MapViewModelType.swift */ = {isa = PBXFileReference; lastKnownFileType = sourcecode.swift; path = MapViewModelType.swift; sourceTree = "<group>"; };
		0A93E7932B2F1C8A0003FFD5 /* MapButtonData.swift */ = {isa = PBXFileReference; lastKnownFileType = sourcecode.swift; path = MapButtonData.swift; sourceTree = "<group>"; };
		0AA0A6BE2B3A16D300173889 /* ServiceHolderMock.swift */ = {isa = PBXFileReference; lastKnownFileType = sourcecode.swift; path = ServiceHolderMock.swift; sourceTree = "<group>"; };
		0AA0A6C12B3A173E00173889 /* UserServiceType.swift */ = {isa = PBXFileReference; lastKnownFileType = sourcecode.swift; path = UserServiceType.swift; sourceTree = "<group>"; };
		0AA823A42B1B601F004D0913 /* en */ = {isa = PBXFileReference; lastKnownFileType = text.plist.strings; name = en; path = en.lproj/Localizable.strings; sourceTree = "<group>"; };
		0AA823A62B1B6025004D0913 /* uk */ = {isa = PBXFileReference; lastKnownFileType = text.plist.strings; name = uk; path = uk.lproj/Localizable.strings; sourceTree = "<group>"; };
		0AAB2D2F2B8DB0F90084C0BD /* AlertView.swift */ = {isa = PBXFileReference; lastKnownFileType = sourcecode.swift; path = AlertView.swift; sourceTree = "<group>"; };
		0AB0FFCF2B1B926900629D8A /* RoundedButton.swift */ = {isa = PBXFileReference; lastKnownFileType = sourcecode.swift; path = RoundedButton.swift; sourceTree = "<group>"; };
		0AB0FFD32B1B9E5000629D8A /* LoginLogoView.swift */ = {isa = PBXFileReference; lastKnownFileType = sourcecode.swift; path = LoginLogoView.swift; sourceTree = "<group>"; };
		0AB0FFD52B1BA03900629D8A /* RegistrationView.swift */ = {isa = PBXFileReference; lastKnownFileType = sourcecode.swift; path = RegistrationView.swift; sourceTree = "<group>"; };
		0AB0FFD72B1BBF3B00629D8A /* ProfileImageView.swift */ = {isa = PBXFileReference; lastKnownFileType = sourcecode.swift; path = ProfileImageView.swift; sourceTree = "<group>"; };
		0AB0FFD92B1BC45500629D8A /* ImagePicker.swift */ = {isa = PBXFileReference; lastKnownFileType = sourcecode.swift; path = ImagePicker.swift; sourceTree = "<group>"; };
		0ABFD61A2B1C794C00EEBC4A /* GoogleService-Info.plist */ = {isa = PBXFileReference; fileEncoding = 4; lastKnownFileType = text.plist.xml; path = "GoogleService-Info.plist"; sourceTree = "<group>"; };
		0ABFD64C2B1C7CD200EEBC4A /* UserService.swift */ = {isa = PBXFileReference; lastKnownFileType = sourcecode.swift; path = UserService.swift; sourceTree = "<group>"; };
		0ABFD6522B1C862200EEBC4A /* User.swift */ = {isa = PBXFileReference; lastKnownFileType = sourcecode.swift; path = User.swift; sourceTree = "<group>"; };
		0ACE6CD12B94878A00B964EB /* ImageLoader.swift */ = {isa = PBXFileReference; lastKnownFileType = sourcecode.swift; path = ImageLoader.swift; sourceTree = "<group>"; };
		0AE476E92B1B6D9D0091DB03 /* LoginView.swift */ = {isa = PBXFileReference; lastKnownFileType = sourcecode.swift; path = LoginView.swift; sourceTree = "<group>"; };
		0AE476EB2B1B6FDF0091DB03 /* InputTextView.swift */ = {isa = PBXFileReference; lastKnownFileType = sourcecode.swift; path = InputTextView.swift; sourceTree = "<group>"; };
		0AE476EE2B1B7C6C0091DB03 /* Colors.xcassets */ = {isa = PBXFileReference; lastKnownFileType = folder.assetcatalog; path = Colors.xcassets; sourceTree = "<group>"; };
		0AF8958F2B1FB370008B4D45 /* MainTabView.swift */ = {isa = PBXFileReference; lastKnownFileType = sourcecode.swift; path = MainTabView.swift; sourceTree = "<group>"; };
		0AF895912B1FB3BB008B4D45 /* MainTabViewModel.swift */ = {isa = PBXFileReference; lastKnownFileType = sourcecode.swift; path = MainTabViewModel.swift; sourceTree = "<group>"; };
		0AF895932B1FB70B008B4D45 /* ServicesView.swift */ = {isa = PBXFileReference; lastKnownFileType = sourcecode.swift; path = ServicesView.swift; sourceTree = "<group>"; };
		0AF895962B1FBF17008B4D45 /* ServicesViewModel.swift */ = {isa = PBXFileReference; lastKnownFileType = sourcecode.swift; path = ServicesViewModel.swift; sourceTree = "<group>"; };
		0AF895982B1FC66F008B4D45 /* Сhapter.swift */ = {isa = PBXFileReference; lastKnownFileType = sourcecode.swift; path = "Сhapter.swift"; sourceTree = "<group>"; };
		0AFEE9972B1CBF4900F772D9 /* ProfileView.swift */ = {isa = PBXFileReference; lastKnownFileType = sourcecode.swift; path = ProfileView.swift; sourceTree = "<group>"; };
/* End PBXFileReference section */

/* Begin PBXFrameworksBuildPhase section */
		0A45B6DA2B13825000C82BEB /* Frameworks */ = {
			isa = PBXFrameworksBuildPhase;
			buildActionMask = 2147483647;
			files = (
				0ABFD65F2B1C8FF000EEBC4A /* FirebaseAppDistribution-Beta in Frameworks */,
				0ABFD6612B1C8FF000EEBC4A /* FirebaseAuth in Frameworks */,
				0ABFD6302B1C7BAD00EEBC4A /* FirebaseDatabase in Frameworks */,
				0ABFD63E2B1C7BAD00EEBC4A /* FirebaseFunctionsCombine-Community in Frameworks */,
				0ABFD6712B1C8FF000EEBC4A /* FirebaseFirestoreSwift in Frameworks */,
				0ABFD67D2B1C8FF000EEBC4A /* FirebaseMLModelDownloader in Frameworks */,
				0ABFD66D2B1C8FF000EEBC4A /* FirebaseFirestore in Frameworks */,
				0ABFD65D2B1C8FF000EEBC4A /* FirebaseAppCheck in Frameworks */,
				0ABFD6812B1C8FF000EEBC4A /* FirebaseStorage in Frameworks */,
				0ABFD6732B1C8FF000EEBC4A /* FirebaseFunctions in Frameworks */,
				0ABFD6362B1C7BAD00EEBC4A /* FirebaseFirestore in Frameworks */,
				0ABFD64A2B1C7BAD00EEBC4A /* FirebaseStorageCombine-Community in Frameworks */,
				0ABFD6832B1C8FF000EEBC4A /* FirebaseStorageCombine-Community in Frameworks */,
				0ABFD65B2B1C8FF000EEBC4A /* FirebaseAnalyticsWithoutAdIdSupport in Frameworks */,
				0ABFD6462B1C7BAD00EEBC4A /* FirebaseMLModelDownloader in Frameworks */,
				0ABFD6692B1C8FF000EEBC4A /* FirebaseDatabaseSwift in Frameworks */,
				0ABFD63A2B1C7BAD00EEBC4A /* FirebaseFirestoreSwift in Frameworks */,
				0ABFD6262B1C7BAD00EEBC4A /* FirebaseAppCheck in Frameworks */,
				0ABFD6242B1C7BAD00EEBC4A /* FirebaseAnalyticsWithoutAdIdSupport in Frameworks */,
				0ABFD62A2B1C7BAD00EEBC4A /* FirebaseAuth in Frameworks */,
				0ABFD6752B1C8FF000EEBC4A /* FirebaseFunctionsCombine-Community in Frameworks */,
				0ABFD62E2B1C7BAD00EEBC4A /* FirebaseCrashlytics in Frameworks */,
				0ABFD6322B1C7BAD00EEBC4A /* FirebaseDatabaseSwift in Frameworks */,
				0ABFD6632B1C8FF000EEBC4A /* FirebaseAuthCombine-Community in Frameworks */,
				0ABFD63C2B1C7BAD00EEBC4A /* FirebaseFunctions in Frameworks */,
				0ABFD6282B1C7BAD00EEBC4A /* FirebaseAppDistribution-Beta in Frameworks */,
				0ABFD62C2B1C7BAD00EEBC4A /* FirebaseAuthCombine-Community in Frameworks */,
				0ABFD6342B1C7BAD00EEBC4A /* FirebaseDynamicLinks in Frameworks */,
				0ABFD66F2B1C8FF000EEBC4A /* FirebaseFirestoreCombine-Community in Frameworks */,
				0ABFD6482B1C7BAD00EEBC4A /* FirebaseStorage in Frameworks */,
				0ABFD6652B1C8FF000EEBC4A /* FirebaseCrashlytics in Frameworks */,
				0ABFD6672B1C8FF000EEBC4A /* FirebaseDatabase in Frameworks */,
				0ABFD67B2B1C8FF000EEBC4A /* FirebaseInstallations in Frameworks */,
				0ABFD6382B1C7BAD00EEBC4A /* FirebaseFirestoreCombine-Community in Frameworks */,
				0ABFD6442B1C7BAD00EEBC4A /* FirebaseInstallations in Frameworks */,
			);
			runOnlyForDeploymentPostprocessing = 0;
		};
/* End PBXFrameworksBuildPhase section */

/* Begin PBXGroup section */
		0A13A5F32B244EF400CAAD52 /* SaveLocations */ = {
			isa = PBXGroup;
			children = (
				0A13A5F42B244F4F00CAAD52 /* SaveLocations.swift */,
				0A13A5F62B244F6A00CAAD52 /* SaveLocationsViewModel.swift */,
			);
			path = SaveLocations;
			sourceTree = "<group>";
		};
		0A3803042B20573600D3FC7D /* Map */ = {
			isa = PBXGroup;
			children = (
				0A93E78F2B2F18BE0003FFD5 /* MapButtonsCollectionView.swift */,
				0A93E7932B2F1C8A0003FFD5 /* MapButtonData.swift */,
				0A3803052B20575900D3FC7D /* MapView.swift */,
				0A3803072B20577900D3FC7D /* MapViewModel.swift */,
				0A93E7912B2F1A240003FFD5 /* MapViewModelType.swift */,
				0A17DCD92B2A06DC005E1FB4 /* RoundMapButtonView.swift */,
				0A3DEBD82B985E1D00894AA4 /* ObservedUserView.swift */,
			);
			path = Map;
			sourceTree = "<group>";
		};
		0A45B6D42B13825000C82BEB = {
			isa = PBXGroup;
			children = (
				0A45B6DF2B13825000C82BEB /* SKSaveLocations */,
				0A45B6DE2B13825000C82BEB /* Products */,
			);
			sourceTree = "<group>";
		};
		0A45B6DE2B13825000C82BEB /* Products */ = {
			isa = PBXGroup;
			children = (
				0A45B6DD2B13825000C82BEB /* SKSaveLocations.app */,
			);
			name = Products;
			sourceTree = "<group>";
		};
		0A45B6DF2B13825000C82BEB /* SKSaveLocations */ = {
			isa = PBXGroup;
			children = (
				0A45B6E02B13825000C82BEB /* SKSaveLocationsApp.swift */,
				0A723B9D2B39C509009452B9 /* UserSession.swift */,
				0A64E33B2B3816B800D49261 /* Enums */,
				0A896D5C2B1E393100A06FE1 /* Extensions */,
				0ABFD6512B1C860F00EEBC4A /* Models */,
				0AB0FFDB2B1BEB2800629D8A /* Helpers */,
				0AE476ED2B1B73160091DB03 /* Views */,
				0ABFD64B2B1C7CB400EEBC4A /* Services */,
				0AA823A52B1B601F004D0913 /* Localizable.strings */,
				0A45B6E42B13825200C82BEB /* Images.xcassets */,
				0AE476EE2B1B7C6C0091DB03 /* Colors.xcassets */,
				0ABFD61A2B1C794C00EEBC4A /* GoogleService-Info.plist */,
				0A45B6E62B13825200C82BEB /* Preview Content */,
			);
			path = SKSaveLocations;
			sourceTree = "<group>";
		};
		0A45B6E62B13825200C82BEB /* Preview Content */ = {
			isa = PBXGroup;
			children = (
				0A45B6E72B13825200C82BEB /* Preview Assets.xcassets */,
			);
			path = "Preview Content";
			sourceTree = "<group>";
		};
		0A64E33B2B3816B800D49261 /* Enums */ = {
			isa = PBXGroup;
			children = (
				0A64E33C2B3816EE00D49261 /* AlertType.swift */,
			);
			path = Enums;
			sourceTree = "<group>";
		};
		0A723B9F2B3A0ACE009452B9 /* ServiceHolder */ = {
			isa = PBXGroup;
			children = (
				0A723BA22B3A0C82009452B9 /* Service.swift */,
				0A723BA02B3A0B0E009452B9 /* ServiceHolder.swift */,
			);
			path = ServiceHolder;
			sourceTree = "<group>";
		};
		0A896D4E2B1E155400A06FE1 /* Registration */ = {
			isa = PBXGroup;
			children = (
				0AB0FFD52B1BA03900629D8A /* RegistrationView.swift */,
				0A896D542B1E1C3200A06FE1 /* RegistrationViewModel.swift */,
			);
			path = Registration;
			sourceTree = "<group>";
		};
		0A896D562B1E251C00A06FE1 /* Mocks */ = {
			isa = PBXGroup;
			children = (
				0A896D572B1E253800A06FE1 /* AuthUserMock.swift */,
			);
			path = Mocks;
			sourceTree = "<group>";
		};
		0A896D592B1E290C00A06FE1 /* Mocks */ = {
			isa = PBXGroup;
			children = (
				0A30EA052B40D575004F41FC /* LocationServiceMock.swift */,
				0A1ED0B52B3A2D9E0028DB18 /* LocationsStorageServiceMock.swift */,
				0AA0A6BE2B3A16D300173889 /* ServiceHolderMock.swift */,
				0A896D5A2B1E292200A06FE1 /* UserServiceMock.swift */,
			);
			path = Mocks;
			sourceTree = "<group>";
		};
		0A896D5C2B1E393100A06FE1 /* Extensions */ = {
			isa = PBXGroup;
			children = (
				0A896D5D2B1E394E00A06FE1 /* String.swift */,
				0A1E13E82B25F7C700163711 /* View.swift */,
				0A8A9DF82B38823F0033C702 /* Error.swift */,
			);
			path = Extensions;
			sourceTree = "<group>";
		};
		0AA0A6C02B3A171400173889 /* Protocols */ = {
			isa = PBXGroup;
			children = (
				0A5540B42B3EAA8400478301 /* LocationServiceType.swift */,
				0A1ED0B32B3A2AD70028DB18 /* LocationsStorageServiceType.swift */,
				0A723BA42B3A0ECB009452B9 /* ServiceHolderType.swift */,
				0AA0A6C12B3A173E00173889 /* UserServiceType.swift */,
			);
			path = Protocols;
			sourceTree = "<group>";
		};
		0AAB2D2E2B8DAD8B0084C0BD /* Alert */ = {
			isa = PBXGroup;
			children = (
				0AAB2D2F2B8DB0F90084C0BD /* AlertView.swift */,
			);
			path = Alert;
			sourceTree = "<group>";
		};
		0AB0FFD12B1B971700629D8A /* Common */ = {
			isa = PBXGroup;
			children = (
				0AE476EB2B1B6FDF0091DB03 /* InputTextView.swift */,
				0AB0FFCF2B1B926900629D8A /* RoundedButton.swift */,
				0A3DEBD62B985DD000894AA4 /* CachedAsyncImage.swift */,
			);
			path = Common;
			sourceTree = "<group>";
		};
		0AB0FFD22B1B9E2700629D8A /* Login */ = {
			isa = PBXGroup;
			children = (
				0AB0FFD32B1B9E5000629D8A /* LoginLogoView.swift */,
				0AE476E92B1B6D9D0091DB03 /* LoginView.swift */,
				0A896D522B1E19EF00A06FE1 /* LoginViewModel.swift */,
			);
			path = Login;
			sourceTree = "<group>";
		};
		0AB0FFDB2B1BEB2800629D8A /* Helpers */ = {
			isa = PBXGroup;
			children = (
				0AB0FFD92B1BC45500629D8A /* ImagePicker.swift */,
				0ACE6CD12B94878A00B964EB /* ImageLoader.swift */,
			);
			path = Helpers;
			sourceTree = "<group>";
		};
		0ABFD64B2B1C7CB400EEBC4A /* Services */ = {
			isa = PBXGroup;
			children = (
				0AA0A6C02B3A171400173889 /* Protocols */,
				0A723B9F2B3A0ACE009452B9 /* ServiceHolder */,
				0A896D592B1E290C00A06FE1 /* Mocks */,
				0A3803012B20556300D3FC7D /* LocationService.swift */,
				0A1ED0B12B3A291B0028DB18 /* LocationsStorageService.swift */,
				0ABFD64C2B1C7CD200EEBC4A /* UserService.swift */,
			);
			path = Services;
			sourceTree = "<group>";
		};
		0ABFD6512B1C860F00EEBC4A /* Models */ = {
			isa = PBXGroup;
			children = (
				0A896D562B1E251C00A06FE1 /* Mocks */,
				0A5F0C352B2B5C470018E714 /* Rout.swift */,
				0AF895982B1FC66F008B4D45 /* Сhapter.swift */,
				0ABFD6522B1C862200EEBC4A /* User.swift */,
			);
			path = Models;
			sourceTree = "<group>";
		};
		0AE476ED2B1B73160091DB03 /* Views */ = {
			isa = PBXGroup;
			children = (
				0A5269D52B1C73E700A59851 /* Launch Screen.storyboard */,
				0AAB2D2E2B8DAD8B0084C0BD /* Alert */,
				0AB0FFD12B1B971700629D8A /* Common */,
				0AB0FFD22B1B9E2700629D8A /* Login */,
				0AF8958E2B1FB342008B4D45 /* MainTab */,
				0A3803042B20573600D3FC7D /* Map */,
				0AFEE9962B1CBEFD00F772D9 /* Profile */,
				0A896D4E2B1E155400A06FE1 /* Registration */,
				0A13A5F32B244EF400CAAD52 /* SaveLocations */,
				0AF895952B1FBE63008B4D45 /* ServicesView */,
			);
			path = Views;
			sourceTree = "<group>";
		};
		0AF8958E2B1FB342008B4D45 /* MainTab */ = {
			isa = PBXGroup;
			children = (
				0AF8958F2B1FB370008B4D45 /* MainTabView.swift */,
				0AF895912B1FB3BB008B4D45 /* MainTabViewModel.swift */,
			);
			path = MainTab;
			sourceTree = "<group>";
		};
		0AF895952B1FBE63008B4D45 /* ServicesView */ = {
			isa = PBXGroup;
			children = (
				0AF895932B1FB70B008B4D45 /* ServicesView.swift */,
				0AF895962B1FBF17008B4D45 /* ServicesViewModel.swift */,
			);
			path = ServicesView;
			sourceTree = "<group>";
		};
		0AFEE9962B1CBEFD00F772D9 /* Profile */ = {
			isa = PBXGroup;
			children = (
				0AB0FFD72B1BBF3B00629D8A /* ProfileImageView.swift */,
				0AFEE9972B1CBF4900F772D9 /* ProfileView.swift */,
				0A896D502B1E163700A06FE1 /* ProfileViewModel.swift */,
			);
			path = Profile;
			sourceTree = "<group>";
		};
/* End PBXGroup section */

/* Begin PBXNativeTarget section */
		0A45B6DC2B13825000C82BEB /* SKSaveLocations */ = {
			isa = PBXNativeTarget;
			buildConfigurationList = 0A45B6EB2B13825200C82BEB /* Build configuration list for PBXNativeTarget "SKSaveLocations" */;
			buildPhases = (
				0A45B6D92B13825000C82BEB /* Sources */,
				0A45B6DA2B13825000C82BEB /* Frameworks */,
				0A45B6DB2B13825000C82BEB /* Resources */,
			);
			buildRules = (
			);
			dependencies = (
			);
			name = SKSaveLocations;
			packageProductDependencies = (
				0ABFD6232B1C7BAD00EEBC4A /* FirebaseAnalyticsWithoutAdIdSupport */,
				0ABFD6252B1C7BAD00EEBC4A /* FirebaseAppCheck */,
				0ABFD6272B1C7BAD00EEBC4A /* FirebaseAppDistribution-Beta */,
				0ABFD6292B1C7BAD00EEBC4A /* FirebaseAuth */,
				0ABFD62B2B1C7BAD00EEBC4A /* FirebaseAuthCombine-Community */,
				0ABFD62D2B1C7BAD00EEBC4A /* FirebaseCrashlytics */,
				0ABFD62F2B1C7BAD00EEBC4A /* FirebaseDatabase */,
				0ABFD6312B1C7BAD00EEBC4A /* FirebaseDatabaseSwift */,
				0ABFD6332B1C7BAD00EEBC4A /* FirebaseDynamicLinks */,
				0ABFD6352B1C7BAD00EEBC4A /* FirebaseFirestore */,
				0ABFD6372B1C7BAD00EEBC4A /* FirebaseFirestoreCombine-Community */,
				0ABFD6392B1C7BAD00EEBC4A /* FirebaseFirestoreSwift */,
				0ABFD63B2B1C7BAD00EEBC4A /* FirebaseFunctions */,
				0ABFD63D2B1C7BAD00EEBC4A /* FirebaseFunctionsCombine-Community */,
				0ABFD6432B1C7BAD00EEBC4A /* FirebaseInstallations */,
				0ABFD6452B1C7BAD00EEBC4A /* FirebaseMLModelDownloader */,
				0ABFD6472B1C7BAD00EEBC4A /* FirebaseStorage */,
				0ABFD6492B1C7BAD00EEBC4A /* FirebaseStorageCombine-Community */,
				0ABFD65A2B1C8FF000EEBC4A /* FirebaseAnalyticsWithoutAdIdSupport */,
				0ABFD65C2B1C8FF000EEBC4A /* FirebaseAppCheck */,
				0ABFD65E2B1C8FF000EEBC4A /* FirebaseAppDistribution-Beta */,
				0ABFD6602B1C8FF000EEBC4A /* FirebaseAuth */,
				0ABFD6622B1C8FF000EEBC4A /* FirebaseAuthCombine-Community */,
				0ABFD6642B1C8FF000EEBC4A /* FirebaseCrashlytics */,
				0ABFD6662B1C8FF000EEBC4A /* FirebaseDatabase */,
				0ABFD6682B1C8FF000EEBC4A /* FirebaseDatabaseSwift */,
				0ABFD66C2B1C8FF000EEBC4A /* FirebaseFirestore */,
				0ABFD66E2B1C8FF000EEBC4A /* FirebaseFirestoreCombine-Community */,
				0ABFD6702B1C8FF000EEBC4A /* FirebaseFirestoreSwift */,
				0ABFD6722B1C8FF000EEBC4A /* FirebaseFunctions */,
				0ABFD6742B1C8FF000EEBC4A /* FirebaseFunctionsCombine-Community */,
				0ABFD67A2B1C8FF000EEBC4A /* FirebaseInstallations */,
				0ABFD67C2B1C8FF000EEBC4A /* FirebaseMLModelDownloader */,
				0ABFD6802B1C8FF000EEBC4A /* FirebaseStorage */,
				0ABFD6822B1C8FF000EEBC4A /* FirebaseStorageCombine-Community */,
			);
			productName = SKSaveLocations;
			productReference = 0A45B6DD2B13825000C82BEB /* SKSaveLocations.app */;
			productType = "com.apple.product-type.application";
		};
/* End PBXNativeTarget section */

/* Begin PBXProject section */
		0A45B6D52B13825000C82BEB /* Project object */ = {
			isa = PBXProject;
			attributes = {
				BuildIndependentTargetsInParallel = 1;
				LastSwiftUpdateCheck = 1500;
				LastUpgradeCheck = 1500;
				TargetAttributes = {
					0A45B6DC2B13825000C82BEB = {
						CreatedOnToolsVersion = 15.0.1;
					};
				};
			};
			buildConfigurationList = 0A45B6D82B13825000C82BEB /* Build configuration list for PBXProject "SKSaveLocations" */;
			compatibilityVersion = "Xcode 14.0";
			developmentRegion = en;
			hasScannedForEncodings = 0;
			knownRegions = (
				en,
				Base,
				uk,
			);
			mainGroup = 0A45B6D42B13825000C82BEB;
			packageReferences = (
				0ABFD61C2B1C7BAD00EEBC4A /* XCRemoteSwiftPackageReference "firebase-ios-sdk" */,
			);
			productRefGroup = 0A45B6DE2B13825000C82BEB /* Products */;
			projectDirPath = "";
			projectRoot = "";
			targets = (
				0A45B6DC2B13825000C82BEB /* SKSaveLocations */,
			);
		};
/* End PBXProject section */

/* Begin PBXResourcesBuildPhase section */
		0A45B6DB2B13825000C82BEB /* Resources */ = {
			isa = PBXResourcesBuildPhase;
			buildActionMask = 2147483647;
			files = (
				0A45B6E82B13825200C82BEB /* Preview Assets.xcassets in Resources */,
				0AE476EF2B1B7C6C0091DB03 /* Colors.xcassets in Resources */,
				0AA823A32B1B601F004D0913 /* Localizable.strings in Resources */,
				0A5269D62B1C73E700A59851 /* Launch Screen.storyboard in Resources */,
				0A45B6E52B13825200C82BEB /* Images.xcassets in Resources */,
				0ABFD61B2B1C794C00EEBC4A /* GoogleService-Info.plist in Resources */,
			);
			runOnlyForDeploymentPostprocessing = 0;
		};
/* End PBXResourcesBuildPhase section */

/* Begin PBXSourcesBuildPhase section */
		0A45B6D92B13825000C82BEB /* Sources */ = {
			isa = PBXSourcesBuildPhase;
			buildActionMask = 2147483647;
			files = (
				0A723BA52B3A0ECB009452B9 /* ServiceHolderType.swift in Sources */,
				0A17DCDA2B2A06DC005E1FB4 /* RoundMapButtonView.swift in Sources */,
				0AE476EA2B1B6D9D0091DB03 /* LoginView.swift in Sources */,
				0A3DEBD92B985E1D00894AA4 /* ObservedUserView.swift in Sources */,
				0A93E7942B2F1C8A0003FFD5 /* MapButtonData.swift in Sources */,
				0AF895992B1FC66F008B4D45 /* Сhapter.swift in Sources */,
				0AF895922B1FB3BB008B4D45 /* MainTabViewModel.swift in Sources */,
				0A5F0C362B2B5C470018E714 /* Rout.swift in Sources */,
				0AF895972B1FBF17008B4D45 /* ServicesViewModel.swift in Sources */,
				0A896D5B2B1E292200A06FE1 /* UserServiceMock.swift in Sources */,
				0A13A5F52B244F4F00CAAD52 /* SaveLocations.swift in Sources */,
				0A93E7922B2F1A240003FFD5 /* MapViewModelType.swift in Sources */,
				0AA0A6BF2B3A16D300173889 /* ServiceHolderMock.swift in Sources */,
				0AA0A6C22B3A173E00173889 /* UserServiceType.swift in Sources */,
				0A13A5F72B244F6A00CAAD52 /* SaveLocationsViewModel.swift in Sources */,
				0A30EA062B40D575004F41FC /* LocationServiceMock.swift in Sources */,
				0AB0FFD82B1BBF3B00629D8A /* ProfileImageView.swift in Sources */,
				0AB0FFD42B1B9E5000629D8A /* LoginLogoView.swift in Sources */,
				0AB0FFD02B1B926900629D8A /* RoundedButton.swift in Sources */,
				0AF895902B1FB370008B4D45 /* MainTabView.swift in Sources */,
				0A723B9E2B39C509009452B9 /* UserSession.swift in Sources */,
				0A93E7902B2F18BE0003FFD5 /* MapButtonsCollectionView.swift in Sources */,
				0A723BA12B3A0B0E009452B9 /* ServiceHolder.swift in Sources */,
				0A8A9DF92B38823F0033C702 /* Error.swift in Sources */,
				0A1ED0B22B3A291B0028DB18 /* LocationsStorageService.swift in Sources */,
				0AFEE9982B1CBF4900F772D9 /* ProfileView.swift in Sources */,
				0A3803022B20556300D3FC7D /* LocationService.swift in Sources */,
				0A5540B52B3EAA8400478301 /* LocationServiceType.swift in Sources */,
				0A3803062B20575900D3FC7D /* MapView.swift in Sources */,
				0A896D512B1E163700A06FE1 /* ProfileViewModel.swift in Sources */,
				0AB0FFD62B1BA03900629D8A /* RegistrationView.swift in Sources */,
				0A896D582B1E253800A06FE1 /* AuthUserMock.swift in Sources */,
				0A896D532B1E19EF00A06FE1 /* LoginViewModel.swift in Sources */,
				0A1ED0B42B3A2AD70028DB18 /* LocationsStorageServiceType.swift in Sources */,
				0A3803082B20577900D3FC7D /* MapViewModel.swift in Sources */,
				0AF895942B1FB70B008B4D45 /* ServicesView.swift in Sources */,
				0AB0FFDA2B1BC45500629D8A /* ImagePicker.swift in Sources */,
				0A723BA32B3A0C82009452B9 /* Service.swift in Sources */,
				0A896D5E2B1E394E00A06FE1 /* String.swift in Sources */,
				0ACE6CD22B94878A00B964EB /* ImageLoader.swift in Sources */,
				0AAB2D302B8DB0F90084C0BD /* AlertView.swift in Sources */,
				0A64E33D2B3816EE00D49261 /* AlertType.swift in Sources */,
				0A1E13E92B25F7C700163711 /* View.swift in Sources */,
				0A896D552B1E1C3200A06FE1 /* RegistrationViewModel.swift in Sources */,
				0AE476EC2B1B6FDF0091DB03 /* InputTextView.swift in Sources */,
				0A1ED0B62B3A2D9E0028DB18 /* LocationsStorageServiceMock.swift in Sources */,
				0A45B6E12B13825000C82BEB /* SKSaveLocationsApp.swift in Sources */,
				0ABFD64D2B1C7CD200EEBC4A /* UserService.swift in Sources */,
				0A3DEBD72B985DD000894AA4 /* CachedAsyncImage.swift in Sources */,
				0ABFD6532B1C862200EEBC4A /* User.swift in Sources */,
			);
			runOnlyForDeploymentPostprocessing = 0;
		};
/* End PBXSourcesBuildPhase section */

/* Begin PBXVariantGroup section */
		0AA823A52B1B601F004D0913 /* Localizable.strings */ = {
			isa = PBXVariantGroup;
			children = (
				0AA823A42B1B601F004D0913 /* en */,
				0AA823A62B1B6025004D0913 /* uk */,
			);
			name = Localizable.strings;
			sourceTree = "<group>";
		};
/* End PBXVariantGroup section */

/* Begin XCBuildConfiguration section */
		0A45B6E92B13825200C82BEB /* Debug */ = {
			isa = XCBuildConfiguration;
			buildSettings = {
				ALWAYS_SEARCH_USER_PATHS = NO;
				ASSETCATALOG_COMPILER_GENERATE_SWIFT_ASSET_SYMBOL_EXTENSIONS = YES;
				CLANG_ANALYZER_NONNULL = YES;
				CLANG_ANALYZER_NUMBER_OBJECT_CONVERSION = YES_AGGRESSIVE;
				CLANG_CXX_LANGUAGE_STANDARD = "gnu++20";
				CLANG_ENABLE_MODULES = YES;
				CLANG_ENABLE_OBJC_ARC = YES;
				CLANG_ENABLE_OBJC_WEAK = YES;
				CLANG_WARN_BLOCK_CAPTURE_AUTORELEASING = YES;
				CLANG_WARN_BOOL_CONVERSION = YES;
				CLANG_WARN_COMMA = YES;
				CLANG_WARN_CONSTANT_CONVERSION = YES;
				CLANG_WARN_DEPRECATED_OBJC_IMPLEMENTATIONS = YES;
				CLANG_WARN_DIRECT_OBJC_ISA_USAGE = YES_ERROR;
				CLANG_WARN_DOCUMENTATION_COMMENTS = YES;
				CLANG_WARN_EMPTY_BODY = YES;
				CLANG_WARN_ENUM_CONVERSION = YES;
				CLANG_WARN_INFINITE_RECURSION = YES;
				CLANG_WARN_INT_CONVERSION = YES;
				CLANG_WARN_NON_LITERAL_NULL_CONVERSION = YES;
				CLANG_WARN_OBJC_IMPLICIT_RETAIN_SELF = YES;
				CLANG_WARN_OBJC_LITERAL_CONVERSION = YES;
				CLANG_WARN_OBJC_ROOT_CLASS = YES_ERROR;
				CLANG_WARN_QUOTED_INCLUDE_IN_FRAMEWORK_HEADER = YES;
				CLANG_WARN_RANGE_LOOP_ANALYSIS = YES;
				CLANG_WARN_STRICT_PROTOTYPES = YES;
				CLANG_WARN_SUSPICIOUS_MOVE = YES;
				CLANG_WARN_UNGUARDED_AVAILABILITY = YES_AGGRESSIVE;
				CLANG_WARN_UNREACHABLE_CODE = YES;
				CLANG_WARN__DUPLICATE_METHOD_MATCH = YES;
				COPY_PHASE_STRIP = NO;
				DEBUG_INFORMATION_FORMAT = dwarf;
				ENABLE_STRICT_OBJC_MSGSEND = YES;
				ENABLE_TESTABILITY = YES;
				ENABLE_USER_SCRIPT_SANDBOXING = YES;
				GCC_C_LANGUAGE_STANDARD = gnu17;
				GCC_DYNAMIC_NO_PIC = NO;
				GCC_NO_COMMON_BLOCKS = YES;
				GCC_OPTIMIZATION_LEVEL = 0;
				GCC_PREPROCESSOR_DEFINITIONS = (
					"DEBUG=1",
					"$(inherited)",
				);
				GCC_WARN_64_TO_32_BIT_CONVERSION = YES;
				GCC_WARN_ABOUT_RETURN_TYPE = YES_ERROR;
				GCC_WARN_UNDECLARED_SELECTOR = YES;
				GCC_WARN_UNINITIALIZED_AUTOS = YES_AGGRESSIVE;
				GCC_WARN_UNUSED_FUNCTION = YES;
				GCC_WARN_UNUSED_VARIABLE = YES;
				IPHONEOS_DEPLOYMENT_TARGET = 17.0;
				LOCALIZATION_PREFERS_STRING_CATALOGS = YES;
				MTL_ENABLE_DEBUG_INFO = INCLUDE_SOURCE;
				MTL_FAST_MATH = YES;
				ONLY_ACTIVE_ARCH = YES;
				SDKROOT = iphoneos;
				SWIFT_ACTIVE_COMPILATION_CONDITIONS = "DEBUG $(inherited)";
				SWIFT_OPTIMIZATION_LEVEL = "-Onone";
			};
			name = Debug;
		};
		0A45B6EA2B13825200C82BEB /* Release */ = {
			isa = XCBuildConfiguration;
			buildSettings = {
				ALWAYS_SEARCH_USER_PATHS = NO;
				ASSETCATALOG_COMPILER_GENERATE_SWIFT_ASSET_SYMBOL_EXTENSIONS = YES;
				CLANG_ANALYZER_NONNULL = YES;
				CLANG_ANALYZER_NUMBER_OBJECT_CONVERSION = YES_AGGRESSIVE;
				CLANG_CXX_LANGUAGE_STANDARD = "gnu++20";
				CLANG_ENABLE_MODULES = YES;
				CLANG_ENABLE_OBJC_ARC = YES;
				CLANG_ENABLE_OBJC_WEAK = YES;
				CLANG_WARN_BLOCK_CAPTURE_AUTORELEASING = YES;
				CLANG_WARN_BOOL_CONVERSION = YES;
				CLANG_WARN_COMMA = YES;
				CLANG_WARN_CONSTANT_CONVERSION = YES;
				CLANG_WARN_DEPRECATED_OBJC_IMPLEMENTATIONS = YES;
				CLANG_WARN_DIRECT_OBJC_ISA_USAGE = YES_ERROR;
				CLANG_WARN_DOCUMENTATION_COMMENTS = YES;
				CLANG_WARN_EMPTY_BODY = YES;
				CLANG_WARN_ENUM_CONVERSION = YES;
				CLANG_WARN_INFINITE_RECURSION = YES;
				CLANG_WARN_INT_CONVERSION = YES;
				CLANG_WARN_NON_LITERAL_NULL_CONVERSION = YES;
				CLANG_WARN_OBJC_IMPLICIT_RETAIN_SELF = YES;
				CLANG_WARN_OBJC_LITERAL_CONVERSION = YES;
				CLANG_WARN_OBJC_ROOT_CLASS = YES_ERROR;
				CLANG_WARN_QUOTED_INCLUDE_IN_FRAMEWORK_HEADER = YES;
				CLANG_WARN_RANGE_LOOP_ANALYSIS = YES;
				CLANG_WARN_STRICT_PROTOTYPES = YES;
				CLANG_WARN_SUSPICIOUS_MOVE = YES;
				CLANG_WARN_UNGUARDED_AVAILABILITY = YES_AGGRESSIVE;
				CLANG_WARN_UNREACHABLE_CODE = YES;
				CLANG_WARN__DUPLICATE_METHOD_MATCH = YES;
				COPY_PHASE_STRIP = NO;
				DEBUG_INFORMATION_FORMAT = "dwarf-with-dsym";
				ENABLE_NS_ASSERTIONS = NO;
				ENABLE_STRICT_OBJC_MSGSEND = YES;
				ENABLE_USER_SCRIPT_SANDBOXING = YES;
				GCC_C_LANGUAGE_STANDARD = gnu17;
				GCC_NO_COMMON_BLOCKS = YES;
				GCC_WARN_64_TO_32_BIT_CONVERSION = YES;
				GCC_WARN_ABOUT_RETURN_TYPE = YES_ERROR;
				GCC_WARN_UNDECLARED_SELECTOR = YES;
				GCC_WARN_UNINITIALIZED_AUTOS = YES_AGGRESSIVE;
				GCC_WARN_UNUSED_FUNCTION = YES;
				GCC_WARN_UNUSED_VARIABLE = YES;
				IPHONEOS_DEPLOYMENT_TARGET = 17.0;
				LOCALIZATION_PREFERS_STRING_CATALOGS = YES;
				MTL_ENABLE_DEBUG_INFO = NO;
				MTL_FAST_MATH = YES;
				SDKROOT = iphoneos;
				SWIFT_COMPILATION_MODE = wholemodule;
				VALIDATE_PRODUCT = YES;
			};
			name = Release;
		};
		0A45B6EC2B13825200C82BEB /* Debug */ = {
			isa = XCBuildConfiguration;
			buildSettings = {
				ASSETCATALOG_COMPILER_APPICON_NAME = AppIcon;
				ASSETCATALOG_COMPILER_GLOBAL_ACCENT_COLOR_NAME = AccentColor;
				ASSETCATALOG_COMPILER_INCLUDE_ALL_APPICON_ASSETS = NO;
				CODE_SIGN_STYLE = Automatic;
				CURRENT_PROJECT_VERSION = 1;
				DEVELOPMENT_ASSET_PATHS = "SKSaveLocations/Preview\\ Content";
				DEVELOPMENT_TEAM = 8Z64NDKFZY;
				ENABLE_PREVIEWS = YES;
				GENERATE_INFOPLIST_FILE = YES;
				INFOPLIST_FILE = SKSaveLocations/Info.plist;
				INFOPLIST_KEY_CFBundleDisplayName = "";
				INFOPLIST_KEY_LSApplicationCategoryType = "";
				INFOPLIST_KEY_NSCameraUsageDescription = "We need use camera for taken photo";
				INFOPLIST_KEY_NSLocationAlwaysAndWhenInUseUsageDescription = "We need this permission in cases where an application accesses location information while running in the background.";
				INFOPLIST_KEY_NSLocationUsageDescription = aaa;
				INFOPLIST_KEY_NSLocationWhenInUseUsageDescription = wserf;
				INFOPLIST_KEY_NSPhotoLibraryUsageDescription = "We need acces to photo library for getting photo for profile";
				INFOPLIST_KEY_UIApplicationSceneManifest_Generation = YES;
				INFOPLIST_KEY_UIApplicationSupportsIndirectInputEvents = YES;
				INFOPLIST_KEY_UILaunchScreen_Generation = YES;
				INFOPLIST_KEY_UILaunchStoryboardName = "Launch Screen.storyboard";
				INFOPLIST_KEY_UISupportedInterfaceOrientations_iPad = "UIInterfaceOrientationPortrait UIInterfaceOrientationPortraitUpsideDown UIInterfaceOrientationLandscapeLeft UIInterfaceOrientationLandscapeRight";
				INFOPLIST_KEY_UISupportedInterfaceOrientations_iPhone = "UIInterfaceOrientationPortrait UIInterfaceOrientationLandscapeLeft UIInterfaceOrientationLandscapeRight";
				LD_RUNPATH_SEARCH_PATHS = (
					"$(inherited)",
					"@executable_path/Frameworks",
				);
				MARKETING_VERSION = 1.0;
				PRODUCT_BUNDLE_IDENTIFIER = sk.SKSaveLocations;
				PRODUCT_NAME = "$(TARGET_NAME)";
				SWIFT_EMIT_LOC_STRINGS = YES;
				SWIFT_VERSION = 5.0;
				TARGETED_DEVICE_FAMILY = "1,2";
			};
			name = Debug;
		};
		0A45B6ED2B13825200C82BEB /* Release */ = {
			isa = XCBuildConfiguration;
			buildSettings = {
				ASSETCATALOG_COMPILER_APPICON_NAME = AppIcon;
				ASSETCATALOG_COMPILER_GLOBAL_ACCENT_COLOR_NAME = AccentColor;
				ASSETCATALOG_COMPILER_INCLUDE_ALL_APPICON_ASSETS = NO;
				CODE_SIGN_STYLE = Automatic;
				CURRENT_PROJECT_VERSION = 1;
				DEVELOPMENT_ASSET_PATHS = "SKSaveLocations/Preview\\ Content";
				DEVELOPMENT_TEAM = 8Z64NDKFZY;
				ENABLE_PREVIEWS = YES;
				GENERATE_INFOPLIST_FILE = YES;
				INFOPLIST_FILE = SKSaveLocations/Info.plist;
				INFOPLIST_KEY_CFBundleDisplayName = "";
				INFOPLIST_KEY_LSApplicationCategoryType = "";
				INFOPLIST_KEY_NSCameraUsageDescription = "We need use camera for taken photo";
				INFOPLIST_KEY_NSLocationAlwaysAndWhenInUseUsageDescription = "We need this permission in cases where an application accesses location information while running in the background.";
				INFOPLIST_KEY_NSLocationUsageDescription = aaa;
				INFOPLIST_KEY_NSLocationWhenInUseUsageDescription = wserf;
				INFOPLIST_KEY_NSPhotoLibraryUsageDescription = "We need acces to photo library for getting photo for profile";
				INFOPLIST_KEY_UIApplicationSceneManifest_Generation = YES;
				INFOPLIST_KEY_UIApplicationSupportsIndirectInputEvents = YES;
				INFOPLIST_KEY_UILaunchScreen_Generation = YES;
				INFOPLIST_KEY_UILaunchStoryboardName = "Launch Screen.storyboard";
				INFOPLIST_KEY_UISupportedInterfaceOrientations_iPad = "UIInterfaceOrientationPortrait UIInterfaceOrientationPortraitUpsideDown UIInterfaceOrientationLandscapeLeft UIInterfaceOrientationLandscapeRight";
				INFOPLIST_KEY_UISupportedInterfaceOrientations_iPhone = "UIInterfaceOrientationPortrait UIInterfaceOrientationLandscapeLeft UIInterfaceOrientationLandscapeRight";
				LD_RUNPATH_SEARCH_PATHS = (
					"$(inherited)",
					"@executable_path/Frameworks",
				);
				MARKETING_VERSION = 1.0;
				PRODUCT_BUNDLE_IDENTIFIER = sk.SKSaveLocations;
				PRODUCT_NAME = "$(TARGET_NAME)";
				SWIFT_EMIT_LOC_STRINGS = YES;
				SWIFT_VERSION = 5.0;
				TARGETED_DEVICE_FAMILY = "1,2";
			};
			name = Release;
		};
/* End XCBuildConfiguration section */

/* Begin XCConfigurationList section */
		0A45B6D82B13825000C82BEB /* Build configuration list for PBXProject "SKSaveLocations" */ = {
			isa = XCConfigurationList;
			buildConfigurations = (
				0A45B6E92B13825200C82BEB /* Debug */,
				0A45B6EA2B13825200C82BEB /* Release */,
			);
			defaultConfigurationIsVisible = 0;
			defaultConfigurationName = Release;
		};
		0A45B6EB2B13825200C82BEB /* Build configuration list for PBXNativeTarget "SKSaveLocations" */ = {
			isa = XCConfigurationList;
			buildConfigurations = (
				0A45B6EC2B13825200C82BEB /* Debug */,
				0A45B6ED2B13825200C82BEB /* Release */,
			);
			defaultConfigurationIsVisible = 0;
			defaultConfigurationName = Release;
		};
/* End XCConfigurationList section */

/* Begin XCRemoteSwiftPackageReference section */
		0ABFD61C2B1C7BAD00EEBC4A /* XCRemoteSwiftPackageReference "firebase-ios-sdk" */ = {
			isa = XCRemoteSwiftPackageReference;
			repositoryURL = "https://github.com/firebase/firebase-ios-sdk";
			requirement = {
				kind = upToNextMajorVersion;
				minimumVersion = 10.18.0;
			};
		};
/* End XCRemoteSwiftPackageReference section */

/* Begin XCSwiftPackageProductDependency section */
		0ABFD6232B1C7BAD00EEBC4A /* FirebaseAnalyticsWithoutAdIdSupport */ = {
			isa = XCSwiftPackageProductDependency;
			package = 0ABFD61C2B1C7BAD00EEBC4A /* XCRemoteSwiftPackageReference "firebase-ios-sdk" */;
			productName = FirebaseAnalyticsWithoutAdIdSupport;
		};
		0ABFD6252B1C7BAD00EEBC4A /* FirebaseAppCheck */ = {
			isa = XCSwiftPackageProductDependency;
			package = 0ABFD61C2B1C7BAD00EEBC4A /* XCRemoteSwiftPackageReference "firebase-ios-sdk" */;
			productName = FirebaseAppCheck;
		};
		0ABFD6272B1C7BAD00EEBC4A /* FirebaseAppDistribution-Beta */ = {
			isa = XCSwiftPackageProductDependency;
			package = 0ABFD61C2B1C7BAD00EEBC4A /* XCRemoteSwiftPackageReference "firebase-ios-sdk" */;
			productName = "FirebaseAppDistribution-Beta";
		};
		0ABFD6292B1C7BAD00EEBC4A /* FirebaseAuth */ = {
			isa = XCSwiftPackageProductDependency;
			package = 0ABFD61C2B1C7BAD00EEBC4A /* XCRemoteSwiftPackageReference "firebase-ios-sdk" */;
			productName = FirebaseAuth;
		};
		0ABFD62B2B1C7BAD00EEBC4A /* FirebaseAuthCombine-Community */ = {
			isa = XCSwiftPackageProductDependency;
			package = 0ABFD61C2B1C7BAD00EEBC4A /* XCRemoteSwiftPackageReference "firebase-ios-sdk" */;
			productName = "FirebaseAuthCombine-Community";
		};
		0ABFD62D2B1C7BAD00EEBC4A /* FirebaseCrashlytics */ = {
			isa = XCSwiftPackageProductDependency;
			package = 0ABFD61C2B1C7BAD00EEBC4A /* XCRemoteSwiftPackageReference "firebase-ios-sdk" */;
			productName = FirebaseCrashlytics;
		};
		0ABFD62F2B1C7BAD00EEBC4A /* FirebaseDatabase */ = {
			isa = XCSwiftPackageProductDependency;
			package = 0ABFD61C2B1C7BAD00EEBC4A /* XCRemoteSwiftPackageReference "firebase-ios-sdk" */;
			productName = FirebaseDatabase;
		};
		0ABFD6312B1C7BAD00EEBC4A /* FirebaseDatabaseSwift */ = {
			isa = XCSwiftPackageProductDependency;
			package = 0ABFD61C2B1C7BAD00EEBC4A /* XCRemoteSwiftPackageReference "firebase-ios-sdk" */;
			productName = FirebaseDatabaseSwift;
		};
		0ABFD6332B1C7BAD00EEBC4A /* FirebaseDynamicLinks */ = {
			isa = XCSwiftPackageProductDependency;
			package = 0ABFD61C2B1C7BAD00EEBC4A /* XCRemoteSwiftPackageReference "firebase-ios-sdk" */;
			productName = FirebaseDynamicLinks;
		};
		0ABFD6352B1C7BAD00EEBC4A /* FirebaseFirestore */ = {
			isa = XCSwiftPackageProductDependency;
			package = 0ABFD61C2B1C7BAD00EEBC4A /* XCRemoteSwiftPackageReference "firebase-ios-sdk" */;
			productName = FirebaseFirestore;
		};
		0ABFD6372B1C7BAD00EEBC4A /* FirebaseFirestoreCombine-Community */ = {
			isa = XCSwiftPackageProductDependency;
			package = 0ABFD61C2B1C7BAD00EEBC4A /* XCRemoteSwiftPackageReference "firebase-ios-sdk" */;
			productName = "FirebaseFirestoreCombine-Community";
		};
		0ABFD6392B1C7BAD00EEBC4A /* FirebaseFirestoreSwift */ = {
			isa = XCSwiftPackageProductDependency;
			package = 0ABFD61C2B1C7BAD00EEBC4A /* XCRemoteSwiftPackageReference "firebase-ios-sdk" */;
			productName = FirebaseFirestoreSwift;
		};
		0ABFD63B2B1C7BAD00EEBC4A /* FirebaseFunctions */ = {
			isa = XCSwiftPackageProductDependency;
			package = 0ABFD61C2B1C7BAD00EEBC4A /* XCRemoteSwiftPackageReference "firebase-ios-sdk" */;
			productName = FirebaseFunctions;
		};
		0ABFD63D2B1C7BAD00EEBC4A /* FirebaseFunctionsCombine-Community */ = {
			isa = XCSwiftPackageProductDependency;
			package = 0ABFD61C2B1C7BAD00EEBC4A /* XCRemoteSwiftPackageReference "firebase-ios-sdk" */;
			productName = "FirebaseFunctionsCombine-Community";
		};
		0ABFD6432B1C7BAD00EEBC4A /* FirebaseInstallations */ = {
			isa = XCSwiftPackageProductDependency;
			package = 0ABFD61C2B1C7BAD00EEBC4A /* XCRemoteSwiftPackageReference "firebase-ios-sdk" */;
			productName = FirebaseInstallations;
		};
		0ABFD6452B1C7BAD00EEBC4A /* FirebaseMLModelDownloader */ = {
			isa = XCSwiftPackageProductDependency;
			package = 0ABFD61C2B1C7BAD00EEBC4A /* XCRemoteSwiftPackageReference "firebase-ios-sdk" */;
			productName = FirebaseMLModelDownloader;
		};
		0ABFD6472B1C7BAD00EEBC4A /* FirebaseStorage */ = {
			isa = XCSwiftPackageProductDependency;
			package = 0ABFD61C2B1C7BAD00EEBC4A /* XCRemoteSwiftPackageReference "firebase-ios-sdk" */;
			productName = FirebaseStorage;
		};
		0ABFD6492B1C7BAD00EEBC4A /* FirebaseStorageCombine-Community */ = {
			isa = XCSwiftPackageProductDependency;
			package = 0ABFD61C2B1C7BAD00EEBC4A /* XCRemoteSwiftPackageReference "firebase-ios-sdk" */;
			productName = "FirebaseStorageCombine-Community";
		};
		0ABFD65A2B1C8FF000EEBC4A /* FirebaseAnalyticsWithoutAdIdSupport */ = {
			isa = XCSwiftPackageProductDependency;
			package = 0ABFD61C2B1C7BAD00EEBC4A /* XCRemoteSwiftPackageReference "firebase-ios-sdk" */;
			productName = FirebaseAnalyticsWithoutAdIdSupport;
		};
		0ABFD65C2B1C8FF000EEBC4A /* FirebaseAppCheck */ = {
			isa = XCSwiftPackageProductDependency;
			package = 0ABFD61C2B1C7BAD00EEBC4A /* XCRemoteSwiftPackageReference "firebase-ios-sdk" */;
			productName = FirebaseAppCheck;
		};
		0ABFD65E2B1C8FF000EEBC4A /* FirebaseAppDistribution-Beta */ = {
			isa = XCSwiftPackageProductDependency;
			package = 0ABFD61C2B1C7BAD00EEBC4A /* XCRemoteSwiftPackageReference "firebase-ios-sdk" */;
			productName = "FirebaseAppDistribution-Beta";
		};
		0ABFD6602B1C8FF000EEBC4A /* FirebaseAuth */ = {
			isa = XCSwiftPackageProductDependency;
			package = 0ABFD61C2B1C7BAD00EEBC4A /* XCRemoteSwiftPackageReference "firebase-ios-sdk" */;
			productName = FirebaseAuth;
		};
		0ABFD6622B1C8FF000EEBC4A /* FirebaseAuthCombine-Community */ = {
			isa = XCSwiftPackageProductDependency;
			package = 0ABFD61C2B1C7BAD00EEBC4A /* XCRemoteSwiftPackageReference "firebase-ios-sdk" */;
			productName = "FirebaseAuthCombine-Community";
		};
		0ABFD6642B1C8FF000EEBC4A /* FirebaseCrashlytics */ = {
			isa = XCSwiftPackageProductDependency;
			package = 0ABFD61C2B1C7BAD00EEBC4A /* XCRemoteSwiftPackageReference "firebase-ios-sdk" */;
			productName = FirebaseCrashlytics;
		};
		0ABFD6662B1C8FF000EEBC4A /* FirebaseDatabase */ = {
			isa = XCSwiftPackageProductDependency;
			package = 0ABFD61C2B1C7BAD00EEBC4A /* XCRemoteSwiftPackageReference "firebase-ios-sdk" */;
			productName = FirebaseDatabase;
		};
		0ABFD6682B1C8FF000EEBC4A /* FirebaseDatabaseSwift */ = {
			isa = XCSwiftPackageProductDependency;
			package = 0ABFD61C2B1C7BAD00EEBC4A /* XCRemoteSwiftPackageReference "firebase-ios-sdk" */;
			productName = FirebaseDatabaseSwift;
		};
		0ABFD66C2B1C8FF000EEBC4A /* FirebaseFirestore */ = {
			isa = XCSwiftPackageProductDependency;
			package = 0ABFD61C2B1C7BAD00EEBC4A /* XCRemoteSwiftPackageReference "firebase-ios-sdk" */;
			productName = FirebaseFirestore;
		};
		0ABFD66E2B1C8FF000EEBC4A /* FirebaseFirestoreCombine-Community */ = {
			isa = XCSwiftPackageProductDependency;
			package = 0ABFD61C2B1C7BAD00EEBC4A /* XCRemoteSwiftPackageReference "firebase-ios-sdk" */;
			productName = "FirebaseFirestoreCombine-Community";
		};
		0ABFD6702B1C8FF000EEBC4A /* FirebaseFirestoreSwift */ = {
			isa = XCSwiftPackageProductDependency;
			package = 0ABFD61C2B1C7BAD00EEBC4A /* XCRemoteSwiftPackageReference "firebase-ios-sdk" */;
			productName = FirebaseFirestoreSwift;
		};
		0ABFD6722B1C8FF000EEBC4A /* FirebaseFunctions */ = {
			isa = XCSwiftPackageProductDependency;
			package = 0ABFD61C2B1C7BAD00EEBC4A /* XCRemoteSwiftPackageReference "firebase-ios-sdk" */;
			productName = FirebaseFunctions;
		};
		0ABFD6742B1C8FF000EEBC4A /* FirebaseFunctionsCombine-Community */ = {
			isa = XCSwiftPackageProductDependency;
			package = 0ABFD61C2B1C7BAD00EEBC4A /* XCRemoteSwiftPackageReference "firebase-ios-sdk" */;
			productName = "FirebaseFunctionsCombine-Community";
		};
		0ABFD67A2B1C8FF000EEBC4A /* FirebaseInstallations */ = {
			isa = XCSwiftPackageProductDependency;
			package = 0ABFD61C2B1C7BAD00EEBC4A /* XCRemoteSwiftPackageReference "firebase-ios-sdk" */;
			productName = FirebaseInstallations;
		};
		0ABFD67C2B1C8FF000EEBC4A /* FirebaseMLModelDownloader */ = {
			isa = XCSwiftPackageProductDependency;
			package = 0ABFD61C2B1C7BAD00EEBC4A /* XCRemoteSwiftPackageReference "firebase-ios-sdk" */;
			productName = FirebaseMLModelDownloader;
		};
		0ABFD6802B1C8FF000EEBC4A /* FirebaseStorage */ = {
			isa = XCSwiftPackageProductDependency;
			package = 0ABFD61C2B1C7BAD00EEBC4A /* XCRemoteSwiftPackageReference "firebase-ios-sdk" */;
			productName = FirebaseStorage;
		};
		0ABFD6822B1C8FF000EEBC4A /* FirebaseStorageCombine-Community */ = {
			isa = XCSwiftPackageProductDependency;
			package = 0ABFD61C2B1C7BAD00EEBC4A /* XCRemoteSwiftPackageReference "firebase-ios-sdk" */;
			productName = "FirebaseStorageCombine-Community";
		};
/* End XCSwiftPackageProductDependency section */
	};
	rootObject = 0A45B6D52B13825000C82BEB /* Project object */;
}
